
Microsoft Visual Studio Solution File, Format Version 12.00
# Visual Studio 15
VisualStudioVersion = 15.0.28307.489
MinimumVisualStudioVersion = 10.0.40219.1
Project("{FAE04EC0-301F-11D3-BF4B-00C04F79EFBC}") = "OtelBilgiSistemi", "OtelBilgiSistemi\OtelBilgiSistemi.csproj", "{F2472175-031F-4B0C-B7AB-70198EBE7C1E}"
EndProject
Global
	GlobalSection(SolutionConfigurationPlatforms) = preSolution
		Debug|Any CPU = Debug|Any CPU
		Release|Any CPU = Release|Any CPU
	EndGlobalSection
	GlobalSection(ProjectConfigurationPlatforms) = postSolution
		{F2472175-031F-4B0C-B7AB-70198EBE7C1E}.Debug|Any CPU.ActiveCfg = Debug|Any CPU
		{F2472175-031F-4B0C-B7AB-70198EBE7C1E}.Debug|Any CPU.Build.0 = Debug|Any CPU
		{F2472175-031F-4B0C-B7AB-70198EBE7C1E}.Release|Any CPU.ActiveCfg = Release|Any CPU
		{F2472175-031F-4B0C-B7AB-70198EBE7C1E}.Release|Any CPU.Build.0 = Release|Any CPU
	EndGlobalSection
	GlobalSection(SolutionProperties) = preSolution
		HideSolutionNode = FALSE
	EndGlobalSection
	GlobalSection(ExtensibilityGlobals) = postSolution
		SolutionGuid = {2C852A25-AA1E-40C1-9CBD-5967BBD4A4E4}
	EndGlobalSection
EndGlobal
